
Microsoft Visual Studio Solution File, Format Version 12.00
# Visual Studio Version 17
VisualStudioVersion = 17.8.34330.188
MinimumVisualStudioVersion = 10.0.40219.1
Project("{9A19103F-16F7-4668-BE54-9A1E7A4F7556}") = "Catalog.API", "Services\Catalog\Catalog.API\Catalog.API.csproj", "{2FC2E684-3244-47B5-864C-A47E205921F3}"
EndProject
Project("{2150E333-8FDC-42A3-9474-1A3956D46DE8}") = "Services", "Services", "{B2E330F0-FC53-4DA0-93CD-D79B14AF3FB4}"
EndProject
Project("{2150E333-8FDC-42A3-9474-1A3956D46DE8}") = "Catalog", "Catalog", "{7F9C6C45-8B1C-4C5A-BA73-5A7FECECE44B}"
EndProject
Global
	GlobalSection(SolutionConfigurationPlatforms) = preSolution
		Debug|Any CPU = Debug|Any CPU
		Release|Any CPU = Release|Any CPU
	EndGlobalSection
	GlobalSection(ProjectConfigurationPlatforms) = postSolution
		{2FC2E684-3244-47B5-864C-A47E205921F3}.Debug|Any CPU.ActiveCfg = Debug|Any CPU
		{2FC2E684-3244-47B5-864C-A47E205921F3}.Debug|Any CPU.Build.0 = Debug|Any CPU
		{2FC2E684-3244-47B5-864C-A47E205921F3}.Release|Any CPU.ActiveCfg = Release|Any CPU
		{2FC2E684-3244-47B5-864C-A47E205921F3}.Release|Any CPU.Build.0 = Release|Any CPU
	EndGlobalSection
	GlobalSection(SolutionProperties) = preSolution
		HideSolutionNode = FALSE
	EndGlobalSection
	GlobalSection(NestedProjects) = preSolution
		{2FC2E684-3244-47B5-864C-A47E205921F3} = {7F9C6C45-8B1C-4C5A-BA73-5A7FECECE44B}
		{7F9C6C45-8B1C-4C5A-BA73-5A7FECECE44B} = {B2E330F0-FC53-4DA0-93CD-D79B14AF3FB4}
	EndGlobalSection
	GlobalSection(ExtensibilityGlobals) = postSolution
		SolutionGuid = {962B738D-92D5-4F1F-94A0-2C3966DDAF59}
	EndGlobalSection
EndGlobal
