
Microsoft Visual Studio Solution File, Format Version 12.00
# Visual Studio Version 17
VisualStudioVersion = 17.8.34330.188
MinimumVisualStudioVersion = 10.0.40219.1
Project("{9A19103F-16F7-4668-BE54-9A1E7A4F7556}") = "Catalog.API", "Services\Catalog\Catalog.API\Catalog.API.csproj", "{2FC2E684-3244-47B5-864C-A47E205921F3}"
EndProject
Project("{2150E333-8FDC-42A3-9474-1A3956D46DE8}") = "Services", "Services", "{B2E330F0-FC53-4DA0-93CD-D79B14AF3FB4}"
EndProject
Project("{2150E333-8FDC-42A3-9474-1A3956D46DE8}") = "Catalog", "Catalog", "{7F9C6C45-8B1C-4C5A-BA73-5A7FECECE44B}"
EndProject
Project("{2150E333-8FDC-42A3-9474-1A3956D46DE8}") = "BuildingBlocks", "BuildingBlocks", "{D5F9A8B5-2FE6-4BCD-9FBE-8A907F3C5FFA}"
EndProject
Project("{9A19103F-16F7-4668-BE54-9A1E7A4F7556}") = "BuildingBlocks", "BuildingBlocks\BuildingBlocks\BuildingBlocks.csproj", "{E56CABE8-E9C3-47E3-BA47-9B0E9EBD2CF0}"
EndProject
Project("{E53339B2-1760-4266-BCC7-CA923CBCF16C}") = "docker-compose", "docker-compose.dcproj", "{0523098B-CFBE-44E0-99B1-BDBC73E23403}"
EndProject
Project("{2150E333-8FDC-42A3-9474-1A3956D46DE8}") = "Basket", "Basket", "{B1852271-700B-48C8-92C3-6A29568F25EA}"
EndProject
Project("{9A19103F-16F7-4668-BE54-9A1E7A4F7556}") = "Basket.API", "Services\Basket\Basket.API\Basket.API.csproj", "{1050D933-A3EE-49B6-BC31-90F48A2E2F5C}"
EndProject
Project("{2150E333-8FDC-42A3-9474-1A3956D46DE8}") = "Discount", "Discount", "{CA3DEBF6-0B61-4EAC-8B58-BFE9D367FF2D}"
EndProject
Project("{9A19103F-16F7-4668-BE54-9A1E7A4F7556}") = "Discount.Grpc", "Services\Discount\Discount.Grpc\Discount.Grpc.csproj", "{DE9FAF9D-959E-4F3D-940F-1F21799F24A2}"
EndProject
Project("{2150E333-8FDC-42A3-9474-1A3956D46DE8}") = "Ordering", "Ordering", "{A370B397-B794-43BB-803F-C27487DB2E10}"
EndProject
Project("{FAE04EC0-301F-11D3-BF4B-00C04F79EFBC}") = "Ordering.API", "Services\Ordering\Ordering.API\Ordering.API.csproj", "{0BF5A55D-18AF-4CCD-8CBF-81EF1934C79D}"
EndProject
Global
	GlobalSection(SolutionConfigurationPlatforms) = preSolution
		Debug|Any CPU = Debug|Any CPU
		Release|Any CPU = Release|Any CPU
	EndGlobalSection
	GlobalSection(ProjectConfigurationPlatforms) = postSolution
		{2FC2E684-3244-47B5-864C-A47E205921F3}.Debug|Any CPU.ActiveCfg = Debug|Any CPU
		{2FC2E684-3244-47B5-864C-A47E205921F3}.Debug|Any CPU.Build.0 = Debug|Any CPU
		{2FC2E684-3244-47B5-864C-A47E205921F3}.Release|Any CPU.ActiveCfg = Release|Any CPU
		{2FC2E684-3244-47B5-864C-A47E205921F3}.Release|Any CPU.Build.0 = Release|Any CPU
		{E56CABE8-E9C3-47E3-BA47-9B0E9EBD2CF0}.Debug|Any CPU.ActiveCfg = Debug|Any CPU
		{E56CABE8-E9C3-47E3-BA47-9B0E9EBD2CF0}.Debug|Any CPU.Build.0 = Debug|Any CPU
		{E56CABE8-E9C3-47E3-BA47-9B0E9EBD2CF0}.Release|Any CPU.ActiveCfg = Release|Any CPU
		{E56CABE8-E9C3-47E3-BA47-9B0E9EBD2CF0}.Release|Any CPU.Build.0 = Release|Any CPU
		{0523098B-CFBE-44E0-99B1-BDBC73E23403}.Debug|Any CPU.ActiveCfg = Debug|Any CPU
		{0523098B-CFBE-44E0-99B1-BDBC73E23403}.Debug|Any CPU.Build.0 = Debug|Any CPU
		{0523098B-CFBE-44E0-99B1-BDBC73E23403}.Release|Any CPU.ActiveCfg = Release|Any CPU
		{0523098B-CFBE-44E0-99B1-BDBC73E23403}.Release|Any CPU.Build.0 = Release|Any CPU
		{1050D933-A3EE-49B6-BC31-90F48A2E2F5C}.Debug|Any CPU.ActiveCfg = Debug|Any CPU
		{1050D933-A3EE-49B6-BC31-90F48A2E2F5C}.Debug|Any CPU.Build.0 = Debug|Any CPU
		{1050D933-A3EE-49B6-BC31-90F48A2E2F5C}.Release|Any CPU.ActiveCfg = Release|Any CPU
		{1050D933-A3EE-49B6-BC31-90F48A2E2F5C}.Release|Any CPU.Build.0 = Release|Any CPU
		{DE9FAF9D-959E-4F3D-940F-1F21799F24A2}.Debug|Any CPU.ActiveCfg = Debug|Any CPU
		{DE9FAF9D-959E-4F3D-940F-1F21799F24A2}.Debug|Any CPU.Build.0 = Debug|Any CPU
		{DE9FAF9D-959E-4F3D-940F-1F21799F24A2}.Release|Any CPU.ActiveCfg = Release|Any CPU
		{DE9FAF9D-959E-4F3D-940F-1F21799F24A2}.Release|Any CPU.Build.0 = Release|Any CPU
		{0BF5A55D-18AF-4CCD-8CBF-81EF1934C79D}.Debug|Any CPU.ActiveCfg = Debug|Any CPU
		{0BF5A55D-18AF-4CCD-8CBF-81EF1934C79D}.Debug|Any CPU.Build.0 = Debug|Any CPU
		{0BF5A55D-18AF-4CCD-8CBF-81EF1934C79D}.Release|Any CPU.ActiveCfg = Release|Any CPU
		{0BF5A55D-18AF-4CCD-8CBF-81EF1934C79D}.Release|Any CPU.Build.0 = Release|Any CPU
	EndGlobalSection
	GlobalSection(SolutionProperties) = preSolution
		HideSolutionNode = FALSE
	EndGlobalSection
	GlobalSection(NestedProjects) = preSolution
		{2FC2E684-3244-47B5-864C-A47E205921F3} = {7F9C6C45-8B1C-4C5A-BA73-5A7FECECE44B}
		{7F9C6C45-8B1C-4C5A-BA73-5A7FECECE44B} = {B2E330F0-FC53-4DA0-93CD-D79B14AF3FB4}
		{E56CABE8-E9C3-47E3-BA47-9B0E9EBD2CF0} = {D5F9A8B5-2FE6-4BCD-9FBE-8A907F3C5FFA}
		{B1852271-700B-48C8-92C3-6A29568F25EA} = {B2E330F0-FC53-4DA0-93CD-D79B14AF3FB4}
		{1050D933-A3EE-49B6-BC31-90F48A2E2F5C} = {B1852271-700B-48C8-92C3-6A29568F25EA}
		{CA3DEBF6-0B61-4EAC-8B58-BFE9D367FF2D} = {B2E330F0-FC53-4DA0-93CD-D79B14AF3FB4}
		{DE9FAF9D-959E-4F3D-940F-1F21799F24A2} = {CA3DEBF6-0B61-4EAC-8B58-BFE9D367FF2D}
		{A370B397-B794-43BB-803F-C27487DB2E10} = {B2E330F0-FC53-4DA0-93CD-D79B14AF3FB4}
		{0BF5A55D-18AF-4CCD-8CBF-81EF1934C79D} = {A370B397-B794-43BB-803F-C27487DB2E10}
	EndGlobalSection
	GlobalSection(ExtensibilityGlobals) = postSolution
		SolutionGuid = {962B738D-92D5-4F1F-94A0-2C3966DDAF59}
	EndGlobalSection
EndGlobal
